
Microsoft Visual Studio Solution File, Format Version 12.00
# Visual Studio Version 17
VisualStudioVersion = 17.3.32929.385
MinimumVisualStudioVersion = 10.0.40219.1
Project("{FAE04EC0-301F-11D3-BF4B-00C04F79EFBC}") = "ContosoUniversity", "ContosoUniversity\ContosoUniversity.csproj", "{65E84281-44D6-421D-8765-C8CA8F860148}"
EndProject
Global
	GlobalSection(SolutionConfigurationPlatforms) = preSolution
		Debug|Any CPU = Debug|Any CPU
		Release|Any CPU = Release|Any CPU
	EndGlobalSection
	GlobalSection(ProjectConfigurationPlatforms) = postSolution
		{65E84281-44D6-421D-8765-C8CA8F860148}.Debug|Any CPU.ActiveCfg = Debug|Any CPU
		{65E84281-44D6-421D-8765-C8CA8F860148}.Debug|Any CPU.Build.0 = Debug|Any CPU
		{65E84281-44D6-421D-8765-C8CA8F860148}.Release|Any CPU.ActiveCfg = Release|Any CPU
		{65E84281-44D6-421D-8765-C8CA8F860148}.Release|Any CPU.Build.0 = Release|Any CPU
	EndGlobalSection
	GlobalSection(SolutionProperties) = preSolution
		HideSolutionNode = FALSE
	EndGlobalSection
	GlobalSection(ExtensibilityGlobals) = postSolution
		SolutionGuid = {F7C20BB5-E3E7-4777-9DD2-7512697F54CB}
	EndGlobalSection
EndGlobal
